Microsoft Visual Studio Solution File, Format Version 12.00
# Visual Studio Version 17
VisualStudioVersion = 17.5.2.0
MinimumVisualStudioVersion = 10.0.40219.1
Project("{2150E333-8FDC-42A3-9474-1A3956D46DE8}") = "dotnet", "dotnet", "{71E6E750-85FD-B5BC-4321-E01377EC6231}"
EndProject
Project("{FAE04EC0-301F-11D3-BF4B-00C04F79EFBC}") = "TableFormerSdk.Tests", "dotnet\TableFormerSdk.Tests\TableFormerSdk.Tests.csproj", "{B588C7A0-FDF4-4A45-80E8-53D92B4AF232}"
EndProject
Project("{FAE04EC0-301F-11D3-BF4B-00C04F79EFBC}") = "TableFormerTorchSharpSdk", "dotnet\TableFormerTorchSharpSdk\TableFormerTorchSharpSdk.csproj", "{266218C7-6F23-454F-AA7C-7C563FF8273C}"
EndProject
Project("{FAE04EC0-301F-11D3-BF4B-00C04F79EFBC}") = "TableFormerTorchSharpSdk.Benchmarks", "dotnet\TableFormerTorchSharpSdk.Benchmarks\TableFormerTorchSharpSdk.Benchmarks.csproj", "{63453BE8-C5C9-4ABB-8CE0-3318F6F56189}"
EndProject
Global
	GlobalSection(SolutionConfigurationPlatforms) = preSolution
		Debug|Any CPU = Debug|Any CPU
		Release|Any CPU = Release|Any CPU
	EndGlobalSection
	GlobalSection(ProjectConfigurationPlatforms) = postSolution
                {B588C7A0-FDF4-4A45-80E8-53D92B4AF232}.Debug|Any CPU.ActiveCfg = Debug|Any CPU
                {B588C7A0-FDF4-4A45-80E8-53D92B4AF232}.Debug|Any CPU.Build.0 = Debug|Any CPU
                {B588C7A0-FDF4-4A45-80E8-53D92B4AF232}.Release|Any CPU.ActiveCfg = Release|Any CPU
                {B588C7A0-FDF4-4A45-80E8-53D92B4AF232}.Release|Any CPU.Build.0 = Release|Any CPU
                {266218C7-6F23-454F-AA7C-7C563FF8273C}.Debug|Any CPU.ActiveCfg = Debug|Any CPU
                {266218C7-6F23-454F-AA7C-7C563FF8273C}.Debug|Any CPU.Build.0 = Debug|Any CPU
                {266218C7-6F23-454F-AA7C-7C563FF8273C}.Release|Any CPU.ActiveCfg = Release|Any CPU
                {266218C7-6F23-454F-AA7C-7C563FF8273C}.Release|Any CPU.Build.0 = Release|Any CPU
                {63453BE8-C5C9-4ABB-8CE0-3318F6F56189}.Debug|Any CPU.ActiveCfg = Debug|Any CPU
                {63453BE8-C5C9-4ABB-8CE0-3318F6F56189}.Debug|Any CPU.Build.0 = Debug|Any CPU
                {63453BE8-C5C9-4ABB-8CE0-3318F6F56189}.Release|Any CPU.ActiveCfg = Release|Any CPU
                {63453BE8-C5C9-4ABB-8CE0-3318F6F56189}.Release|Any CPU.Build.0 = Release|Any CPU
        EndGlobalSection
	GlobalSection(SolutionProperties) = preSolution
		HideSolutionNode = FALSE
	EndGlobalSection
	GlobalSection(NestedProjects) = preSolution
                {B588C7A0-FDF4-4A45-80E8-53D92B4AF232} = {71E6E750-85FD-B5BC-4321-E01377EC6231}
                {266218C7-6F23-454F-AA7C-7C563FF8273C} = {71E6E750-85FD-B5BC-4321-E01377EC6231}
                {63453BE8-C5C9-4ABB-8CE0-3318F6F56189} = {71E6E750-85FD-B5BC-4321-E01377EC6231}
        EndGlobalSection
	GlobalSection(ExtensibilityGlobals) = postSolution
		SolutionGuid = {3A54F892-A00A-418D-9CDE-AA2DF064CBBB}
	EndGlobalSection
EndGlobal
